
Microsoft Visual Studio Solution File, Format Version 12.00
# Visual Studio Version 17
VisualStudioVersion = 17.7.34024.191
MinimumVisualStudioVersion = 10.0.40219.1
Project("{FAE04EC0-301F-11D3-BF4B-00C04F79EFBC}") = "ATM", "ATM\ATM.csproj", "{644B5732-ADD2-402F-B50A-D88A6F7CB08A}"
EndProject
Global
	GlobalSection(SolutionConfigurationPlatforms) = preSolution
		Debug|Any CPU = Debug|Any CPU
		Release|Any CPU = Release|Any CPU
	EndGlobalSection
	GlobalSection(ProjectConfigurationPlatforms) = postSolution
		{644B5732-ADD2-402F-B50A-D88A6F7CB08A}.Debug|Any CPU.ActiveCfg = Debug|Any CPU
		{644B5732-ADD2-402F-B50A-D88A6F7CB08A}.Debug|Any CPU.Build.0 = Debug|Any CPU
		{644B5732-ADD2-402F-B50A-D88A6F7CB08A}.Release|Any CPU.ActiveCfg = Release|Any CPU
		{644B5732-ADD2-402F-B50A-D88A6F7CB08A}.Release|Any CPU.Build.0 = Release|Any CPU
	EndGlobalSection
	GlobalSection(SolutionProperties) = preSolution
		HideSolutionNode = FALSE
	EndGlobalSection
	GlobalSection(ExtensibilityGlobals) = postSolution
		SolutionGuid = {67369A44-8C71-491E-B773-344CC4FDAEE5}
	EndGlobalSection
EndGlobal
